
Microsoft Visual Studio Solution File, Format Version 12.00
# Visual Studio 15
VisualStudioVersion = 15.0.27703.2047
MinimumVisualStudioVersion = 10.0.40219.1
Project("{FAE04EC0-301F-11D3-BF4B-00C04F79EFBC}") = "OurChat", "OurChat\OurChat.csproj", "{1548BCB9-70B0-4567-AA39-F2D31C307103}"
EndProject
Global
	GlobalSection(SolutionConfigurationPlatforms) = preSolution
		Debug|Any CPU = Debug|Any CPU
		Release|Any CPU = Release|Any CPU
	EndGlobalSection
	GlobalSection(ProjectConfigurationPlatforms) = postSolution
		{1548BCB9-70B0-4567-AA39-F2D31C307103}.Debug|Any CPU.ActiveCfg = Debug|Any CPU
		{1548BCB9-70B0-4567-AA39-F2D31C307103}.Debug|Any CPU.Build.0 = Debug|Any CPU
		{1548BCB9-70B0-4567-AA39-F2D31C307103}.Release|Any CPU.ActiveCfg = Release|Any CPU
		{1548BCB9-70B0-4567-AA39-F2D31C307103}.Release|Any CPU.Build.0 = Release|Any CPU
	EndGlobalSection
	GlobalSection(SolutionProperties) = preSolution
		HideSolutionNode = FALSE
	EndGlobalSection
	GlobalSection(ExtensibilityGlobals) = postSolution
		SolutionGuid = {CC8946BE-706F-4EA3-9D26-5EA919AC3C2C}
	EndGlobalSection
EndGlobal
